
Microsoft Visual Studio Solution File, Format Version 12.00
# Visual Studio Version 17
VisualStudioVersion = 17.11.35327.3
MinimumVisualStudioVersion = 10.0.40219.1
Project("{FAE04EC0-301F-11D3-BF4B-00C04F79EFBC}") = "CipherAnalysis", "CipherAnalysis\CipherAnalysis.csproj", "{D774BFF0-9E7C-4302-8C0E-2E4CA995BB47}"
EndProject
Global
	GlobalSection(SolutionConfigurationPlatforms) = preSolution
		Debug|Any CPU = Debug|Any CPU
		Release|Any CPU = Release|Any CPU
	EndGlobalSection
	GlobalSection(ProjectConfigurationPlatforms) = postSolution
		{D774BFF0-9E7C-4302-8C0E-2E4CA995BB47}.Debug|Any CPU.ActiveCfg = Debug|Any CPU
		{D774BFF0-9E7C-4302-8C0E-2E4CA995BB47}.Debug|Any CPU.Build.0 = Debug|Any CPU
		{D774BFF0-9E7C-4302-8C0E-2E4CA995BB47}.Release|Any CPU.ActiveCfg = Release|Any CPU
		{D774BFF0-9E7C-4302-8C0E-2E4CA995BB47}.Release|Any CPU.Build.0 = Release|Any CPU
	EndGlobalSection
	GlobalSection(SolutionProperties) = preSolution
		HideSolutionNode = FALSE
	EndGlobalSection
	GlobalSection(ExtensibilityGlobals) = postSolution
		SolutionGuid = {BEE8F7ED-3602-4F18-B9A8-0A3C93F8C743}
	EndGlobalSection
EndGlobal
